Microsoft Visual Studio Solution File, Format Version 12.00
# Visual Studio Version 17
VisualStudioVersion = 17.5.2.0
MinimumVisualStudioVersion = 10.0.40219.1
Project("{FAE04EC0-301F-11D3-BF4B-00C04F79EFBC}") = "Flexybox", "Flexybox.csproj", "{49A38673-5234-9FBC-E358-4BE5C0565BAC}"
EndProject
Global
	GlobalSection(SolutionConfigurationPlatforms) = preSolution
		Debug|Any CPU = Debug|Any CPU
		Release|Any CPU = Release|Any CPU
	EndGlobalSection
	GlobalSection(ProjectConfigurationPlatforms) = postSolution
		{49A38673-5234-9FBC-E358-4BE5C0565BAC}.Debug|Any CPU.ActiveCfg = Debug|Any CPU
		{49A38673-5234-9FBC-E358-4BE5C0565BAC}.Debug|Any CPU.Build.0 = Debug|Any CPU
		{49A38673-5234-9FBC-E358-4BE5C0565BAC}.Release|Any CPU.ActiveCfg = Release|Any CPU
		{49A38673-5234-9FBC-E358-4BE5C0565BAC}.Release|Any CPU.Build.0 = Release|Any CPU
	EndGlobalSection
	GlobalSection(SolutionProperties) = preSolution
		HideSolutionNode = FALSE
	EndGlobalSection
	GlobalSection(ExtensibilityGlobals) = postSolution
		SolutionGuid = {952784D5-FD1A-4D8F-ACA8-BF7B3349A960}
	EndGlobalSection
EndGlobal
